// !$*UTF8*$!
{
	archiveVersion = 1;
	classes = {
	};
	objectVersion = 50;
	objects = {

/* Begin PBXBuildFile section */
		38454052258DC7CE00BBA763 /* ChoreManagerApp.swift in Sources */ = {isa = PBXBuildFile; fileRef = 38454051258DC7CE00BBA763 /* ChoreManagerApp.swift */; };
		38454054258DC7CE00BBA763 /* HomeView.swift in Sources */ = {isa = PBXBuildFile; fileRef = 38454053258DC7CE00BBA763 /* HomeView.swift */; };
		38454056258DC7D300BBA763 /* Assets.xcassets in Resources */ = {isa = PBXBuildFile; fileRef = 38454055258DC7D300BBA763 /* Assets.xcassets */; };
		38454059258DC7D300BBA763 /* Preview Assets.xcassets in Resources */ = {isa = PBXBuildFile; fileRef = 38454058258DC7D300BBA763 /* Preview Assets.xcassets */; };
		3845405B258DC7D300BBA763 /* Persistence.swift in Sources */ = {isa = PBXBuildFile; fileRef = 3845405A258DC7D300BBA763 /* Persistence.swift */; };
		3845405E258DC7D300BBA763 /* ChoreManager.xcdatamodeld in Sources */ = {isa = PBXBuildFile; fileRef = 3845405C258DC7D300BBA763 /* ChoreManager.xcdatamodeld */; };
		38BCB695258E54D90092D1D1 /* TaskEntry.swift in Sources */ = {isa = PBXBuildFile; fileRef = 38BCB694258E54D90092D1D1 /* TaskEntry.swift */; };
		38BCB6A1258E75C50092D1D1 /* Util.swift in Sources */ = {isa = PBXBuildFile; fileRef = 38BCB6A0258E75C50092D1D1 /* Util.swift */; };
		38BCB6A4258E81600092D1D1 /* AddTaskView.swift in Sources */ = {isa = PBXBuildFile; fileRef = 38BCB6A3258E81600092D1D1 /* AddTaskView.swift */; };
		38BCB6A7258E842C0092D1D1 /* CustomNavBarLarge.swift in Sources */ = {isa = PBXBuildFile; fileRef = 38BCB6A6258E842C0092D1D1 /* CustomNavBarLarge.swift */; };
		38BCB6AA258E84CD0092D1D1 /* Colors.swift in Sources */ = {isa = PBXBuildFile; fileRef = 38BCB6A9258E84CD0092D1D1 /* Colors.swift */; };
		38BCB6AD258E85410092D1D1 /* CustomNavBarSmall.swift in Sources */ = {isa = PBXBuildFile; fileRef = 38BCB6AC258E85410092D1D1 /* CustomNavBarSmall.swift */; };
		38BCB6B2258E86D40092D1D1 /* ContentView.swift in Sources */ = {isa = PBXBuildFile; fileRef = 38BCB6B1258E86D40092D1D1 /* ContentView.swift */; };
		38BCB6B5258E873D0092D1D1 /* CustomTabBar.swift in Sources */ = {isa = PBXBuildFile; fileRef = 38BCB6B4258E873D0092D1D1 /* CustomTabBar.swift */; };
		38BCB6B8258E8F530092D1D1 /* CalendarView.swift in Sources */ = {isa = PBXBuildFile; fileRef = 38BCB6B7258E8F530092D1D1 /* CalendarView.swift */; };
		38BCB6BB258E8F6B0092D1D1 /* NotesView.swift in Sources */ = {isa = PBXBuildFile; fileRef = 38BCB6BA258E8F6B0092D1D1 /* NotesView.swift */; };
		38BCB6BE258E8F740092D1D1 /* SettingsView.swift in Sources */ = {isa = PBXBuildFile; fileRef = 38BCB6BD258E8F740092D1D1 /* SettingsView.swift */; };
/* End PBXBuildFile section */

/* Begin PBXFileReference section */
		3845404E258DC7CE00BBA763 /* ChoreManager.app */ = {isa = PBXFileReference; explicitFileType = wrapper.application; includeInIndex = 0; path = ChoreManager.app; sourceTree = BUILT_PRODUCTS_DIR; };
		38454051258DC7CE00BBA763 /* ChoreManagerApp.swift */ = {isa = PBXFileReference; lastKnownFileType = sourcecode.swift; path = ChoreManagerApp.swift; sourceTree = "<group>"; };
		38454053258DC7CE00BBA763 /* HomeView.swift */ = {isa = PBXFileReference; lastKnownFileType = sourcecode.swift; path = HomeView.swift; sourceTree = "<group>"; };
		38454055258DC7D300BBA763 /* Assets.xcassets */ = {isa = PBXFileReference; lastKnownFileType = folder.assetcatalog; path = Assets.xcassets; sourceTree = "<group>"; };
		38454058258DC7D300BBA763 /* Preview Assets.xcassets */ = {isa = PBXFileReference; lastKnownFileType = folder.assetcatalog; path = "Preview Assets.xcassets"; sourceTree = "<group>"; };
		3845405A258DC7D300BBA763 /* Persistence.swift */ = {isa = PBXFileReference; lastKnownFileType = sourcecode.swift; path = Persistence.swift; sourceTree = "<group>"; };
		3845405D258DC7D300BBA763 /* ChoreManager.xcdatamodel */ = {isa = PBXFileReference; lastKnownFileType = wrapper.xcdatamodel; path = ChoreManager.xcdatamodel; sourceTree = "<group>"; };
		3845405F258DC7D300BBA763 /* Info.plist */ = {isa = PBXFileReference; lastKnownFileType = text.plist.xml; path = Info.plist; sourceTree = "<group>"; };
		38BCB694258E54D90092D1D1 /* TaskEntry.swift */ = {isa = PBXFileReference; lastKnownFileType = sourcecode.swift; path = TaskEntry.swift; sourceTree = "<group>"; };
		38BCB6A0258E75C50092D1D1 /* Util.swift */ = {isa = PBXFileReference; lastKnownFileType = sourcecode.swift; path = Util.swift; sourceTree = "<group>"; };
		38BCB6A3258E81600092D1D1 /* AddTaskView.swift */ = {isa = PBXFileReference; lastKnownFileType = sourcecode.swift; path = AddTaskView.swift; sourceTree = "<group>"; };
		38BCB6A6258E842C0092D1D1 /* CustomNavBarLarge.swift */ = {isa = PBXFileReference; lastKnownFileType = sourcecode.swift; path = CustomNavBarLarge.swift; sourceTree = "<group>"; };
		38BCB6A9258E84CD0092D1D1 /* Colors.swift */ = {isa = PBXFileReference; lastKnownFileType = sourcecode.swift; path = Colors.swift; sourceTree = "<group>"; };
		38BCB6AC258E85410092D1D1 /* CustomNavBarSmall.swift */ = {isa = PBXFileReference; lastKnownFileType = sourcecode.swift; path = CustomNavBarSmall.swift; sourceTree = "<group>"; };
		38BCB6B1258E86D40092D1D1 /* ContentView.swift */ = {isa = PBXFileReference; lastKnownFileType = sourcecode.swift; path = ContentView.swift; sourceTree = "<group>"; };
		38BCB6B4258E873D0092D1D1 /* CustomTabBar.swift */ = {isa = PBXFileReference; lastKnownFileType = sourcecode.swift; path = CustomTabBar.swift; sourceTree = "<group>"; };
		38BCB6B7258E8F530092D1D1 /* CalendarView.swift */ = {isa = PBXFileReference; lastKnownFileType = sourcecode.swift; path = CalendarView.swift; sourceTree = "<group>"; };
		38BCB6BA258E8F6B0092D1D1 /* NotesView.swift */ = {isa = PBXFileReference; lastKnownFileType = sourcecode.swift; path = NotesView.swift; sourceTree = "<group>"; };
		38BCB6BD258E8F740092D1D1 /* SettingsView.swift */ = {isa = PBXFileReference; lastKnownFileType = sourcecode.swift; path = SettingsView.swift; sourceTree = "<group>"; };
/* End PBXFileReference section */

/* Begin PBXFrameworksBuildPhase section */
		3845404B258DC7CE00BBA763 /* Frameworks */ = {
			isa = PBXFrameworksBuildPhase;
			buildActionMask = 2147483647;
			files = (
			);
			runOnlyForDeploymentPostprocessing = 0;
		};
/* End PBXFrameworksBuildPhase section */

/* Begin PBXGroup section */
		38454045258DC7CD00BBA763 = {
			isa = PBXGroup;
			children = (
				38454050258DC7CE00BBA763 /* ChoreManager */,
				3845404F258DC7CE00BBA763 /* Products */,
			);
			sourceTree = "<group>";
		};
		3845404F258DC7CE00BBA763 /* Products */ = {
			isa = PBXGroup;
			children = (
				3845404E258DC7CE00BBA763 /* ChoreManager.app */,
			);
			name = Products;
			sourceTree = "<group>";
		};
		38454050258DC7CE00BBA763 /* ChoreManager */ = {
			isa = PBXGroup;
			children = (
				38454051258DC7CE00BBA763 /* ChoreManagerApp.swift */,
				38BCB6B1258E86D40092D1D1 /* ContentView.swift */,
				38454053258DC7CE00BBA763 /* HomeView.swift */,
				38BCB6B7258E8F530092D1D1 /* CalendarView.swift */,
				38BCB6BA258E8F6B0092D1D1 /* NotesView.swift */,
				38BCB6BD258E8F740092D1D1 /* SettingsView.swift */,
				38BCB6A3258E81600092D1D1 /* AddTaskView.swift */,
				38BCB6A0258E75C50092D1D1 /* Util.swift */,
				38BCB6A9258E84CD0092D1D1 /* Colors.swift */,
				38BCB6B4258E873D0092D1D1 /* CustomTabBar.swift */,
				38BCB6A6258E842C0092D1D1 /* CustomNavBarLarge.swift */,
				38BCB6AC258E85410092D1D1 /* CustomNavBarSmall.swift */,
				38454055258DC7D300BBA763 /* Assets.xcassets */,
				3845405A258DC7D300BBA763 /* Persistence.swift */,
				3845405F258DC7D300BBA763 /* Info.plist */,
				38BCB694258E54D90092D1D1 /* TaskEntry.swift */,
				3845405C258DC7D300BBA763 /* ChoreManager.xcdatamodeld */,
				38454057258DC7D300BBA763 /* Preview Content */,
			);
			path = ChoreManager;
			sourceTree = "<group>";
		};
		38454057258DC7D300BBA763 /* Preview Content */ = {
			isa = PBXGroup;
			children = (
				38454058258DC7D300BBA763 /* Preview Assets.xcassets */,
			);
			path = "Preview Content";
			sourceTree = "<group>";
		};
/* End PBXGroup section */

/* Begin PBXNativeTarget section */
		3845404D258DC7CE00BBA763 /* ChoreManager */ = {
			isa = PBXNativeTarget;
			buildConfigurationList = 38454062258DC7D300BBA763 /* Build configuration list for PBXNativeTarget "ChoreManager" */;
			buildPhases = (
				3845404A258DC7CE00BBA763 /* Sources */,
				3845404B258DC7CE00BBA763 /* Frameworks */,
				3845404C258DC7CE00BBA763 /* Resources */,
			);
			buildRules = (
			);
			dependencies = (
			);
			name = ChoreManager;
			productName = ChoreManager;
			productReference = 3845404E258DC7CE00BBA763 /* ChoreManager.app */;
			productType = "com.apple.product-type.application";
		};
/* End PBXNativeTarget section */

/* Begin PBXProject section */
		38454046258DC7CD00BBA763 /* Project object */ = {
			isa = PBXProject;
			attributes = {
				LastSwiftUpdateCheck = 1230;
				LastUpgradeCheck = 1230;
				TargetAttributes = {
					3845404D258DC7CE00BBA763 = {
						CreatedOnToolsVersion = 12.3;
					};
				};
			};
			buildConfigurationList = 38454049258DC7CD00BBA763 /* Build configuration list for PBXProject "ChoreManager" */;
			compatibilityVersion = "Xcode 9.3";
			developmentRegion = en;
			hasScannedForEncodings = 0;
			knownRegions = (
				en,
				Base,
			);
			mainGroup = 38454045258DC7CD00BBA763;
			productRefGroup = 3845404F258DC7CE00BBA763 /* Products */;
			projectDirPath = "";
			projectRoot = "";
			targets = (
				3845404D258DC7CE00BBA763 /* ChoreManager */,
			);
		};
/* End PBXProject section */

/* Begin PBXResourcesBuildPhase section */
		3845404C258DC7CE00BBA763 /* Resources */ = {
			isa = PBXResourcesBuildPhase;
			buildActionMask = 2147483647;
			files = (
				38454059258DC7D300BBA763 /* Preview Assets.xcassets in Resources */,
				38454056258DC7D300BBA763 /* Assets.xcassets in Resources */,
			);
			runOnlyForDeploymentPostprocessing = 0;
		};
/* End PBXResourcesBuildPhase section */

/* Begin PBXSourcesBuildPhase section */
		3845404A258DC7CE00BBA763 /* Sources */ = {
			isa = PBXSourcesBuildPhase;
			buildActionMask = 2147483647;
			files = (
				38BCB6BE258E8F740092D1D1 /* SettingsView.swift in Sources */,
				38BCB6BB258E8F6B0092D1D1 /* NotesView.swift in Sources */,
				3845405B258DC7D300BBA763 /* Persistence.swift in Sources */,
				38BCB6B2258E86D40092D1D1 /* ContentView.swift in Sources */,
				38BCB6AA258E84CD0092D1D1 /* Colors.swift in Sources */,
				38BCB6A4258E81600092D1D1 /* AddTaskView.swift in Sources */,
				38BCB6B5258E873D0092D1D1 /* CustomTabBar.swift in Sources */,
				38BCB6A7258E842C0092D1D1 /* CustomNavBarLarge.swift in Sources */,
				38BCB6B8258E8F530092D1D1 /* CalendarView.swift in Sources */,
				38BCB6A1258E75C50092D1D1 /* Util.swift in Sources */,
				3845405E258DC7D300BBA763 /* ChoreManager.xcdatamodeld in Sources */,
				38BCB695258E54D90092D1D1 /* TaskEntry.swift in Sources */,
				38454054258DC7CE00BBA763 /* HomeView.swift in Sources */,
				38BCB6AD258E85410092D1D1 /* CustomNavBarSmall.swift in Sources */,
				38454052258DC7CE00BBA763 /* ChoreManagerApp.swift in Sources */,
			);
			runOnlyForDeploymentPostprocessing = 0;
		};
/* End PBXSourcesBuildPhase section */

/* Begin XCBuildConfiguration section */
		38454060258DC7D300BBA763 /* Debug */ = {
			isa = XCBuildConfiguration;
			buildSettings = {
				ALWAYS_SEARCH_USER_PATHS = NO;
				CLANG_ANALYZER_NONNULL = YES;
				CLANG_ANALYZER_NUMBER_OBJECT_CONVERSION = YES_AGGRESSIVE;
				CLANG_CXX_LANGUAGE_STANDARD = "gnu++14";
				CLANG_CXX_LIBRARY = "libc++";
				CLANG_ENABLE_MODULES = YES;
				CLANG_ENABLE_OBJC_ARC = YES;
				CLANG_ENABLE_OBJC_WEAK = YES;
				CLANG_WARN_BLOCK_CAPTURE_AUTORELEASING = YES;
				CLANG_WARN_BOOL_CONVERSION = YES;
				CLANG_WARN_COMMA = YES;
				CLANG_WARN_CONSTANT_CONVERSION = YES;
				CLANG_WARN_DEPRECATED_OBJC_IMPLEMENTATIONS = YES;
				CLANG_WARN_DIRECT_OBJC_ISA_USAGE = YES_ERROR;
				CLANG_WARN_DOCUMENTATION_COMMENTS = YES;
				CLANG_WARN_EMPTY_BODY = YES;
				CLANG_WARN_ENUM_CONVERSION = YES;
				CLANG_WARN_INFINITE_RECURSION = YES;
				CLANG_WARN_INT_CONVERSION = YES;
				CLANG_WARN_NON_LITERAL_NULL_CONVERSION = YES;
				CLANG_WARN_OBJC_IMPLICIT_RETAIN_SELF = YES;
				CLANG_WARN_OBJC_LITERAL_CONVERSION = YES;
				CLANG_WARN_OBJC_ROOT_CLASS = YES_ERROR;
				CLANG_WARN_QUOTED_INCLUDE_IN_FRAMEWORK_HEADER = YES;
				CLANG_WARN_RANGE_LOOP_ANALYSIS = YES;
				CLANG_WARN_STRICT_PROTOTYPES = YES;
				CLANG_WARN_SUSPICIOUS_MOVE = YES;
				CLANG_WARN_UNGUARDED_AVAILABILITY = YES_AGGRESSIVE;
				CLANG_WARN_UNREACHABLE_CODE = YES;
				CLANG_WARN__DUPLICATE_METHOD_MATCH = YES;
				COPY_PHASE_STRIP = NO;
				DEBUG_INFORMATION_FORMAT = dwarf;
				ENABLE_STRICT_OBJC_MSGSEND = YES;
				ENABLE_TESTABILITY = YES;
				GCC_C_LANGUAGE_STANDARD = gnu11;
				GCC_DYNAMIC_NO_PIC = NO;
				GCC_NO_COMMON_BLOCKS = YES;
				GCC_OPTIMIZATION_LEVEL = 0;
				GCC_PREPROCESSOR_DEFINITIONS = (
					"DEBUG=1",
					"$(inherited)",
				);
				GCC_WARN_64_TO_32_BIT_CONVERSION = YES;
				GCC_WARN_ABOUT_RETURN_TYPE = YES_ERROR;
				GCC_WARN_UNDECLARED_SELECTOR = YES;
				GCC_WARN_UNINITIALIZED_AUTOS = YES_AGGRESSIVE;
				GCC_WARN_UNUSED_FUNCTION = YES;
				GCC_WARN_UNUSED_VARIABLE = YES;
				IPHONEOS_DEPLOYMENT_TARGET = 14.3;
				MTL_ENABLE_DEBUG_INFO = INCLUDE_SOURCE;
				MTL_FAST_MATH = YES;
				ONLY_ACTIVE_ARCH = YES;
				SDKROOT = iphoneos;
				SWIFT_ACTIVE_COMPILATION_CONDITIONS = DEBUG;
				SWIFT_OPTIMIZATION_LEVEL = "-Onone";
			};
			name = Debug;
		};
		38454061258DC7D300BBA763 /* Release */ = {
			isa = XCBuildConfiguration;
			buildSettings = {
				ALWAYS_SEARCH_USER_PATHS = NO;
				CLANG_ANALYZER_NONNULL = YES;
				CLANG_ANALYZER_NUMBER_OBJECT_CONVERSION = YES_AGGRESSIVE;
				CLANG_CXX_LANGUAGE_STANDARD = "gnu++14";
				CLANG_CXX_LIBRARY = "libc++";
				CLANG_ENABLE_MODULES = YES;
				CLANG_ENABLE_OBJC_ARC = YES;
				CLANG_ENABLE_OBJC_WEAK = YES;
				CLANG_WARN_BLOCK_CAPTURE_AUTORELEASING = YES;
				CLANG_WARN_BOOL_CONVERSION = YES;
				CLANG_WARN_COMMA = YES;
				CLANG_WARN_CONSTANT_CONVERSION = YES;
				CLANG_WARN_DEPRECATED_OBJC_IMPLEMENTATIONS = YES;
				CLANG_WARN_DIRECT_OBJC_ISA_USAGE = YES_ERROR;
				CLANG_WARN_DOCUMENTATION_COMMENTS = YES;
				CLANG_WARN_EMPTY_BODY = YES;
				CLANG_WARN_ENUM_CONVERSION = YES;
				CLANG_WARN_INFINITE_RECURSION = YES;
				CLANG_WARN_INT_CONVERSION = YES;
				CLANG_WARN_NON_LITERAL_NULL_CONVERSION = YES;
				CLANG_WARN_OBJC_IMPLICIT_RETAIN_SELF = YES;
				CLANG_WARN_OBJC_LITERAL_CONVERSION = YES;
				CLANG_WARN_OBJC_ROOT_CLASS = YES_ERROR;
				CLANG_WARN_QUOTED_INCLUDE_IN_FRAMEWORK_HEADER = YES;
				CLANG_WARN_RANGE_LOOP_ANALYSIS = YES;
				CLANG_WARN_STRICT_PROTOTYPES = YES;
				CLANG_WARN_SUSPICIOUS_MOVE = YES;
				CLANG_WARN_UNGUARDED_AVAILABILITY = YES_AGGRESSIVE;
				CLANG_WARN_UNREACHABLE_CODE = YES;
				CLANG_WARN__DUPLICATE_METHOD_MATCH = YES;
				COPY_PHASE_STRIP = NO;
				DEBUG_INFORMATION_FORMAT = "dwarf-with-dsym";
				ENABLE_NS_ASSERTIONS = NO;
				ENABLE_STRICT_OBJC_MSGSEND = YES;
				GCC_C_LANGUAGE_STANDARD = gnu11;
				GCC_NO_COMMON_BLOCKS = YES;
				GCC_WARN_64_TO_32_BIT_CONVERSION = YES;
				GCC_WARN_ABOUT_RETURN_TYPE = YES_ERROR;
				GCC_WARN_UNDECLARED_SELECTOR = YES;
				GCC_WARN_UNINITIALIZED_AUTOS = YES_AGGRESSIVE;
				GCC_WARN_UNUSED_FUNCTION = YES;
				GCC_WARN_UNUSED_VARIABLE = YES;
				IPHONEOS_DEPLOYMENT_TARGET = 14.3;
				MTL_ENABLE_DEBUG_INFO = NO;
				MTL_FAST_MATH = YES;
				SDKROOT = iphoneos;
				SWIFT_COMPILATION_MODE = wholemodule;
				SWIFT_OPTIMIZATION_LEVEL = "-O";
				VALIDATE_PRODUCT = YES;
			};
			name = Release;
		};
		38454063258DC7D300BBA763 /* Debug */ = {
			isa = XCBuildConfiguration;
			buildSettings = {
				ASSETCATALOG_COMPILER_APPICON_NAME = AppIcon;
				ASSETCATALOG_COMPILER_GLOBAL_ACCENT_COLOR_NAME = AccentColor;
				CODE_SIGN_STYLE = Automatic;
				DEVELOPMENT_ASSET_PATHS = "\"ChoreManager/Preview Content\"";
				DEVELOPMENT_TEAM = 9J6K88XUQG;
				ENABLE_PREVIEWS = YES;
				INFOPLIST_FILE = ChoreManager/Info.plist;
				IPHONEOS_DEPLOYMENT_TARGET = 14.0;
				LD_RUNPATH_SEARCH_PATHS = (
					"$(inherited)",
					"@executable_path/Frameworks",
				);
				PRODUCT_BUNDLE_IDENTIFIER = com.akashcentral.ChoreManager;
				PRODUCT_NAME = "$(TARGET_NAME)";
				SWIFT_VERSION = 5.0;
				TARGETED_DEVICE_FAMILY = "1,2";
			};
			name = Debug;
		};
		38454064258DC7D300BBA763 /* Release */ = {
			isa = XCBuildConfiguration;
			buildSettings = {
				ASSETCATALOG_COMPILER_APPICON_NAME = AppIcon;
				ASSETCATALOG_COMPILER_GLOBAL_ACCENT_COLOR_NAME = AccentColor;
				CODE_SIGN_STYLE = Automatic;
				DEVELOPMENT_ASSET_PATHS = "\"ChoreManager/Preview Content\"";
				DEVELOPMENT_TEAM = 9J6K88XUQG;
				ENABLE_PREVIEWS = YES;
				INFOPLIST_FILE = ChoreManager/Info.plist;
				IPHONEOS_DEPLOYMENT_TARGET = 14.0;
				LD_RUNPATH_SEARCH_PATHS = (
					"$(inherited)",
					"@executable_path/Frameworks",
				);
				PRODUCT_BUNDLE_IDENTIFIER = com.akashcentral.ChoreManager;
				PRODUCT_NAME = "$(TARGET_NAME)";
				SWIFT_VERSION = 5.0;
				TARGETED_DEVICE_FAMILY = "1,2";
			};
			name = Release;
		};
/* End XCBuildConfiguration section */

/* Begin XCConfigurationList section */
		38454049258DC7CD00BBA763 /* Build configuration list for PBXProject "ChoreManager" */ = {
			isa = XCConfigurationList;
			buildConfigurations = (
				38454060258DC7D300BBA763 /* Debug */,
				38454061258DC7D300BBA763 /* Release */,
			);
			defaultConfigurationIsVisible = 0;
			defaultConfigurationName = Release;
		};
		38454062258DC7D300BBA763 /* Build configuration list for PBXNativeTarget "ChoreManager" */ = {
			isa = XCConfigurationList;
			buildConfigurations = (
				38454063258DC7D300BBA763 /* Debug */,
				38454064258DC7D300BBA763 /* Release */,
			);
			defaultConfigurationIsVisible = 0;
			defaultConfigurationName = Release;
		};
/* End XCConfigurationList section */

/* Begin XCVersionGroup section */
		3845405C258DC7D300BBA763 /* ChoreManager.xcdatamodeld */ = {
			isa = XCVersionGroup;
			children = (
				3845405D258DC7D300BBA763 /* ChoreManager.xcdatamodel */,
			);
			currentVersion = 3845405D258DC7D300BBA763 /* ChoreManager.xcdatamodel */;
			path = ChoreManager.xcdatamodeld;
			sourceTree = "<group>";
			versionGroupType = wrapper.xcdatamodel;
		};
/* End XCVersionGroup section */
	};
	rootObject = 38454046258DC7CD00BBA763 /* Project object */;
}
